
Microsoft Visual Studio Solution File, Format Version 12.00
# Visual Studio Version 16
VisualStudioVersion = 16.0.28803.352
MinimumVisualStudioVersion = 10.0.40219.1
Project("{888888A0-9F3D-457C-B088-3A5042F75D52}") = "VGG", "VGG\VGG.pyproj", "{1A411885-0AA0-45E2-9DCC-804C3C47415E}"
EndProject
Global
	GlobalSection(SolutionConfigurationPlatforms) = preSolution
		Debug|Any CPU = Debug|Any CPU
		Release|Any CPU = Release|Any CPU
	EndGlobalSection
	GlobalSection(ProjectConfigurationPlatforms) = postSolution
		{1A411885-0AA0-45E2-9DCC-804C3C47415E}.Debug|Any CPU.ActiveCfg = Debug|Any CPU
		{1A411885-0AA0-45E2-9DCC-804C3C47415E}.Release|Any CPU.ActiveCfg = Release|Any CPU
	EndGlobalSection
	GlobalSection(SolutionProperties) = preSolution
		HideSolutionNode = FALSE
	EndGlobalSection
	GlobalSection(ExtensibilityGlobals) = postSolution
		SolutionGuid = {2BA4569C-5818-4529-A289-AD0795B81EB9}
	EndGlobalSection
EndGlobal
